<?xml version="1.0" encoding="utf-8"?>
<Project ToolsVersion="4.0" xmlns="http://schemas.microsoft.com/developer/msbuild/2003">
  <ItemGroup>
    <Filter Include="Source Files">
      <UniqueIdentifier>{4FC737F1-C7A5-4376-A066-2A32D752A2FF}</UniqueIdentifier>
      <Extensions>cpp;c;cc;cxx;c++;cppm;ixx;def;odl;idl;hpj;bat;asm;asmx</Extensions>
    </Filter>
    <Filter Include="Header Files">
      <UniqueIdentifier>{93995380-89BD-4b04-88EB-625FBE52EBFB}</UniqueIdentifier>
      <Extensions>h;hh;hpp;hxx;h++;hm;inl;inc;ipp;xsd</Extensions>
    </Filter>
    <Filter Include="Resource Files">
      <UniqueIdentifier>{deefc4a0-826d-4b51-b6aa-d1ee4ad33670}</UniqueIdentifier>
    </Filter>
    <Filter Include="Source Files\Manager">
      <UniqueIdentifier>{0c94d069-624c-4f3a-829d-caefa215c7d2}</UniqueIdentifier>
    </Filter>
    <Filter Include="Source Files\GameObject">
      <UniqueIdentifier>{4bfb55c6-3c0b-496b-bdc5-3d78164c2552}</UniqueIdentifier>
    </Filter>
    <Filter Include="Source Files\Loader">
      <UniqueIdentifier>{e40d144f-4d91-48af-9058-6b0def839500}</UniqueIdentifier>
    </Filter>
    <Filter Include="Header Files\Manager">
      <UniqueIdentifier>{a781fdc2-fcc9-477b-ae1a-0a282a3137ae}</UniqueIdentifier>
    </Filter>
    <Filter Include="Header Files\Loader">
      <UniqueIdentifier>{b615e55c-4e9f-4448-88d4-15c9e14f06cf}</UniqueIdentifier>
    </Filter>
    <Filter Include="Header Files\Object">
      <UniqueIdentifier>{16f78c0e-8b02-4407-9d92-39b95c879199}</UniqueIdentifier>
    </Filter>
    <Filter Include="Header Files\NewType">
      <UniqueIdentifier>{9048d5be-9678-4749-926d-333c2170fba6}</UniqueIdentifier>
    </Filter>
  </ItemGroup>
  <ItemGroup>
    <ClCompile Include="main.cpp">
      <Filter>Source Files</Filter>
    </ClCompile>
    <ClCompile Include="TextureManager.cpp">
      <Filter>Source Files\Manager</Filter>
    </ClCompile>
    <ClCompile Include="GameManager.cpp">
      <Filter>Source Files\Manager</Filter>
    </ClCompile>
    <ClCompile Include="EnemyObject.cpp">
      <Filter>Source Files\GameObject</Filter>
    </ClCompile>
    <ClCompile Include="ObjectModel.cpp">
      <Filter>Source Files\GameObject</Filter>
    </ClCompile>
    <ClCompile Include="PlayerObject.cpp">
      <Filter>Source Files\GameObject</Filter>
    </ClCompile>
    <ClCompile Include="InputManager.cpp">
      <Filter>Source Files\Manager</Filter>
    </ClCompile>
    <ClCompile Include="TextureLoader.cpp">
      <Filter>Source Files\Loader</Filter>
    </ClCompile>
    <ClCompile Include="ActionModel.cpp">
      <Filter>Source Files</Filter>
    </ClCompile>
    <ClCompile Include="RunAction.cpp">
      <Filter>Source Files</Filter>
    </ClCompile>
  </ItemGroup>
  <ItemGroup>
    <ClInclude Include="GameManager.h">
      <Filter>Header Files\Manager</Filter>
    </ClInclude>
    <ClInclude Include="TextureManager.h">
      <Filter>Header Files\Manager</Filter>
    </ClInclude>
    <ClInclude Include="TextureLoader.h">
      <Filter>Header Files\Loader</Filter>
    </ClInclude>
    <ClInclude Include="EnemyObject.h">
      <Filter>Header Files\Object</Filter>
    </ClInclude>
    <ClInclude Include="ObjectModel.h">
      <Filter>Header Files\Object</Filter>
    </ClInclude>
    <ClInclude Include="GameObject.h">
      <Filter>Header Files\Object</Filter>
    </ClInclude>
    <ClInclude Include="PlayerObject.h">
      <Filter>Header Files\Object</Filter>
    </ClInclude>
    <ClInclude Include="InputManager.h">
      <Filter>Header Files\Manager</Filter>
    </ClInclude>
    <ClInclude Include="GameVector.h">
      <Filter>Header Files\NewType</Filter>
    </ClInclude>
    <ClInclude Include="ActionModel.h">
      <Filter>Header Files</Filter>
    </ClInclude>
    <ClInclude Include="RunAction.h">
      <Filter>Header Files</Filter>
    </ClInclude>
  </ItemGroup>
</Project>